
Microsoft Visual Studio Solution File, Format Version 12.00
Project("{FAE04EC0-301F-11D3-BF4B-00C04F79EFBC}") = "Post.Api", "Services\Post\Post.Api\Post.Api.csproj", "{C22E4716-FF10-46A9-B1F0-4D1FA805318F}"
EndProject
Project("{2150E333-8FDC-42A3-9474-1A3956D46DE8}") = "Post", "Post", "{4B91C4AA-9ECF-4C20-A9FA-C1EC2510C3F9}"
EndProject
Project("{2150E333-8FDC-42A3-9474-1A3956D46DE8}") = "Hash", "Hash", "{25978BF6-3E41-4E80-B92A-0430F542D9F6}"
EndProject
Project("{2150E333-8FDC-42A3-9474-1A3956D46DE8}") = "Shared", "Shared", "{8A91222B-DC9A-41D7-BC7D-FA2DD2494856}"
EndProject
Project("{FAE04EC0-301F-11D3-BF4B-00C04F79EFBC}") = "Hash.Api", "Services\Hash\Hash.Api\Hash.Api.csproj", "{FAD06680-DE56-470E-905A-A1821C267A19}"
EndProject
Project("{FAE04EC0-301F-11D3-BF4B-00C04F79EFBC}") = "Shared.Result", "Shared\Shared.Result\Shared.Result.csproj", "{E0F392C4-D666-4FF7-9D52-D67965F7AC4A}"
EndProject
Project("{2150E333-8FDC-42A3-9474-1A3956D46DE8}") = "Solution Items", "Solution Items", "{31083ABD-FF1C-43CC-AB14-5867129CBE8C}"
	ProjectSection(SolutionItems) = preProject
		compose.yaml = compose.yaml
	EndProjectSection
EndProject
Project("{FAE04EC0-301F-11D3-BF4B-00C04F79EFBC}") = "Post.Domain", "Services\Post\Post.Domain\Post.Domain.csproj", "{8862F839-AB3C-4982-8820-E59465C15C3C}"
EndProject
Project("{FAE04EC0-301F-11D3-BF4B-00C04F79EFBC}") = "Post.Infrastructure", "Services\Post\Post.Infrastructure\Post.Infrastructure.csproj", "{D63828B0-6968-47F9-BEF5-9E995E261D38}"
EndProject
Global
	GlobalSection(SolutionConfigurationPlatforms) = preSolution
		Debug|Any CPU = Debug|Any CPU
		Release|Any CPU = Release|Any CPU
	EndGlobalSection
	GlobalSection(ProjectConfigurationPlatforms) = postSolution
		{C22E4716-FF10-46A9-B1F0-4D1FA805318F}.Debug|Any CPU.ActiveCfg = Debug|Any CPU
		{C22E4716-FF10-46A9-B1F0-4D1FA805318F}.Debug|Any CPU.Build.0 = Debug|Any CPU
		{C22E4716-FF10-46A9-B1F0-4D1FA805318F}.Release|Any CPU.ActiveCfg = Release|Any CPU
		{C22E4716-FF10-46A9-B1F0-4D1FA805318F}.Release|Any CPU.Build.0 = Release|Any CPU
		{FAD06680-DE56-470E-905A-A1821C267A19}.Debug|Any CPU.ActiveCfg = Debug|Any CPU
		{FAD06680-DE56-470E-905A-A1821C267A19}.Debug|Any CPU.Build.0 = Debug|Any CPU
		{FAD06680-DE56-470E-905A-A1821C267A19}.Release|Any CPU.ActiveCfg = Release|Any CPU
		{FAD06680-DE56-470E-905A-A1821C267A19}.Release|Any CPU.Build.0 = Release|Any CPU
		{E0F392C4-D666-4FF7-9D52-D67965F7AC4A}.Debug|Any CPU.ActiveCfg = Debug|Any CPU
		{E0F392C4-D666-4FF7-9D52-D67965F7AC4A}.Debug|Any CPU.Build.0 = Debug|Any CPU
		{E0F392C4-D666-4FF7-9D52-D67965F7AC4A}.Release|Any CPU.ActiveCfg = Release|Any CPU
		{E0F392C4-D666-4FF7-9D52-D67965F7AC4A}.Release|Any CPU.Build.0 = Release|Any CPU
		{8862F839-AB3C-4982-8820-E59465C15C3C}.Debug|Any CPU.ActiveCfg = Debug|Any CPU
		{8862F839-AB3C-4982-8820-E59465C15C3C}.Debug|Any CPU.Build.0 = Debug|Any CPU
		{8862F839-AB3C-4982-8820-E59465C15C3C}.Release|Any CPU.ActiveCfg = Release|Any CPU
		{8862F839-AB3C-4982-8820-E59465C15C3C}.Release|Any CPU.Build.0 = Release|Any CPU
		{D63828B0-6968-47F9-BEF5-9E995E261D38}.Debug|Any CPU.ActiveCfg = Debug|Any CPU
		{D63828B0-6968-47F9-BEF5-9E995E261D38}.Debug|Any CPU.Build.0 = Debug|Any CPU
		{D63828B0-6968-47F9-BEF5-9E995E261D38}.Release|Any CPU.ActiveCfg = Release|Any CPU
		{D63828B0-6968-47F9-BEF5-9E995E261D38}.Release|Any CPU.Build.0 = Release|Any CPU
	EndGlobalSection
	GlobalSection(NestedProjects) = preSolution
		{C22E4716-FF10-46A9-B1F0-4D1FA805318F} = {4B91C4AA-9ECF-4C20-A9FA-C1EC2510C3F9}
		{FAD06680-DE56-470E-905A-A1821C267A19} = {25978BF6-3E41-4E80-B92A-0430F542D9F6}
		{E0F392C4-D666-4FF7-9D52-D67965F7AC4A} = {8A91222B-DC9A-41D7-BC7D-FA2DD2494856}
		{8862F839-AB3C-4982-8820-E59465C15C3C} = {4B91C4AA-9ECF-4C20-A9FA-C1EC2510C3F9}
		{D63828B0-6968-47F9-BEF5-9E995E261D38} = {4B91C4AA-9ECF-4C20-A9FA-C1EC2510C3F9}
	EndGlobalSection
EndGlobal
